{
  "R": {
    "Version": "3.6.1",
    "Repositories": [
      {
        "Name": "CRAN",
        "URL": "https://cran.rstudio.com"
      }
    ]
  },
  "Packages": {
    "caret": {
      "Package": "caret",
      "Version": "6.0-84",
      "Source": "Repository",
      "Repository": "CRAN",
      "Hash": "07113ea86bfb3676cadf3662fdf5b17a"
    },
    "corrplot": {
      "Package": "corrplot",
      "Version": "0.84",
      "Source": "Repository",
      "Repository": "CRAN",
      "Hash": "b55c32ae818a84109a51f172290c95f2"
    },
    "DMwR": {
      "Package": "DMwR",
      "Version": "0.4.1",
      "Source": "Repository",
      "Repository": "CRAN",
      "Hash": "41ed85b66d2e8e9a5d6c51b1d9fdfcc1"
    },
    "DTComPair": {
      "Package": "DTComPair",
      "Version": "1.0.3",
      "Source": "Repository",
      "Repository": "CRAN",
      "Hash": "9ff66f430bc08555234437bf90309bb5"
    },
    "irr": {
      "Package": "irr",
      "Version": "0.84.1",
      "Source": "Repository",
      "Repository": "CRAN",
      "Hash": "c059ff4d347eb2b6b799cc0e7b982fe6"
    },
    "glmnet": {
      "Package": "glmnet",
      "Version": "2.0-18",
      "Source": "Repository",
      "Repository": "CRAN",
      "Hash": "45804a9a6542418216f85f726295b3bd"
    },
    "rms": {
      "Package": "rms",
      "Version": "5.1-3.1",
      "Source": "Repository",
      "Repository": "CRAN",
      "Hash": "73eb8afb77280c5b1f29c1af4c1ed686"
    },
    "rms": {
      "Package": "rms",
      "Version": "5.1-3.1",
      "Source": "Repository",
      "Repository": "CRAN",
      "Hash": "73eb8afb77280c5b1f29c1af4c1ed686"
    },
    "RColorBrewer": {
      "Package": "RColorBrewer",
      "Version": "1.1-2",
      "Source": "Repository",
      "Repository": "CRAN",
      "Hash": "e031418365a7f7a766181ab5a41a5716"
    },
    "pROC": {
      "Package": "pROC",
      "Version": "1.15.3",
      "Source": "Repository",
      "Repository": "CRAN",
      "Hash": "2942936accd69cb57e9aa29b6b9132b5"
    },
    corrplot": {
      "Package": "corrplot",
      "Version": "0.84",
      "Source": "Repository",
      "Repository": "CRAN",
      "Hash": "b55c32ae818a84109a51f172290c95f2"
    },
    "ggplot2": {
      "Package": "ggplot2",
      "Version": "3.3.2",
      "Source": "Repository",
      "Repository": "CRAN",
      "Hash": "4ded8b439797f7b1693bd3d238d0106b"
    },
    "mRMRe": {
      "Package": "mRMRe",
      "Version": "2.0.9",
      "Source": "Repository",
      "Repository": "CRAN",
      "Hash": "3acb1409918675d23b4558f0c6bf10e1"
    },
    "tidyverse": {
      "Package": "tidyverse",
      "Version": "1.3.0",
      "Source": "Repository",
      "Repository": "CRAN",
      "Hash": "bd51be662f359fa99021f3d51e911490"
    }
  }
}
